// !$*UTF8*$!
{
	archiveVersion = 1;
	classes = {
	};
	objectVersion = 46;
	objects = {

/* Begin PBXBuildFile section */
		3CADE3A11ADA40BE00A1A90A /* main.cpp in Sources */ = {isa = PBXBuildFile; fileRef = 3CADE3A01ADA40BE00A1A90A /* main.cpp */; };
		3CE5FF831ADDEAF400B89949 /* newSequence.cpp in Sources */ = {isa = PBXBuildFile; fileRef = 3CE5FF7A1ADDEAF400B89949 /* newSequence.cpp */; };
		3CE5FF841ADDEAF400B89949 /* ScoreList.cpp in Sources */ = {isa = PBXBuildFile; fileRef = 3CE5FF7C1ADDEAF400B89949 /* ScoreList.cpp */; };
		3CE5FF851ADDEAF400B89949 /* Sequence.cpp in Sources */ = {isa = PBXBuildFile; fileRef = 3CE5FF7E1ADDEAF400B89949 /* Sequence.cpp */; };
/* End PBXBuildFile section */

/* Begin PBXCopyFilesBuildPhase section */
		3CADE39B1ADA40BE00A1A90A /* CopyFiles */ = {
			isa = PBXCopyFilesBuildPhase;
			buildActionMask = 2147483647;
			dstPath = /usr/share/man/man1/;
			dstSubfolderSpec = 0;
			files = (
			);
			runOnlyForDeploymentPostprocessing = 1;
		};
/* End PBXCopyFilesBuildPhase section */

/* Begin PBXFileReference section */
		3CADE39D1ADA40BE00A1A90A /* HW1 */ = {isa = PBXFileReference; explicitFileType = "compiled.mach-o.executable"; includeInIndex = 0; path = HW1; sourceTree = BUILT_PRODUCTS_DIR; };
		3CADE3A01ADA40BE00A1A90A /* main.cpp */ = {isa = PBXFileReference; lastKnownFileType = sourcecode.cpp.cpp; path = main.cpp; sourceTree = "<group>"; };
		3CE5FF7A1ADDEAF400B89949 /* newSequence.cpp */ = {isa = PBXFileReference; fileEncoding = 4; lastKnownFileType = sourcecode.cpp.cpp; path = newSequence.cpp; sourceTree = "<group>"; };
		3CE5FF7B1ADDEAF400B89949 /* newSequence.h */ = {isa = PBXFileReference; fileEncoding = 4; lastKnownFileType = sourcecode.c.h; path = newSequence.h; sourceTree = "<group>"; };
		3CE5FF7C1ADDEAF400B89949 /* ScoreList.cpp */ = {isa = PBXFileReference; fileEncoding = 4; lastKnownFileType = sourcecode.cpp.cpp; path = ScoreList.cpp; sourceTree = "<group>"; };
		3CE5FF7D1ADDEAF400B89949 /* ScoreList.h */ = {isa = PBXFileReference; fileEncoding = 4; lastKnownFileType = sourcecode.c.h; path = ScoreList.h; sourceTree = "<group>"; };
		3CE5FF7E1ADDEAF400B89949 /* Sequence.cpp */ = {isa = PBXFileReference; fileEncoding = 4; lastKnownFileType = sourcecode.cpp.cpp; path = Sequence.cpp; sourceTree = "<group>"; };
		3CE5FF7F1ADDEAF400B89949 /* Sequence.h */ = {isa = PBXFileReference; fileEncoding = 4; lastKnownFileType = sourcecode.c.h; path = Sequence.h; sourceTree = "<group>"; };
/* End PBXFileReference section */

/* Begin PBXFrameworksBuildPhase section */
		3CADE39A1ADA40BE00A1A90A /* Frameworks */ = {
			isa = PBXFrameworksBuildPhase;
			buildActionMask = 2147483647;
			files = (
			);
			runOnlyForDeploymentPostprocessing = 0;
		};
/* End PBXFrameworksBuildPhase section */

/* Begin PBXGroup section */
		3CADE3941ADA40BE00A1A90A = {
			isa = PBXGroup;
			children = (
				3CADE39F1ADA40BE00A1A90A /* HW1 */,
				3CADE39E1ADA40BE00A1A90A /* Products */,
			);
			sourceTree = "<group>";
		};
		3CADE39E1ADA40BE00A1A90A /* Products */ = {
			isa = PBXGroup;
			children = (
				3CADE39D1ADA40BE00A1A90A /* HW1 */,
			);
			name = Products;
			sourceTree = "<group>";
		};
		3CADE39F1ADA40BE00A1A90A /* HW1 */ = {
			isa = PBXGroup;
			children = (
				3CADE3A01ADA40BE00A1A90A /* main.cpp */,
				3CE5FF7A1ADDEAF400B89949 /* newSequence.cpp */,
				3CE5FF7B1ADDEAF400B89949 /* newSequence.h */,
				3CE5FF7C1ADDEAF400B89949 /* ScoreList.cpp */,
				3CE5FF7D1ADDEAF400B89949 /* ScoreList.h */,
				3CE5FF7E1ADDEAF400B89949 /* Sequence.cpp */,
				3CE5FF7F1ADDEAF400B89949 /* Sequence.h */,
			);
			path = HW1;
			sourceTree = "<group>";
		};
/* End PBXGroup section */

/* Begin PBXNativeTarget section */
		3CADE39C1ADA40BE00A1A90A /* HW1 */ = {
			isa = PBXNativeTarget;
			buildConfigurationList = 3CADE3A41ADA40BE00A1A90A /* Build configuration list for PBXNativeTarget "HW1" */;
			buildPhases = (
				3CADE3991ADA40BE00A1A90A /* Sources */,
				3CADE39A1ADA40BE00A1A90A /* Frameworks */,
				3CADE39B1ADA40BE00A1A90A /* CopyFiles */,
			);
			buildRules = (
			);
			dependencies = (
			);
			name = HW1;
			productName = HW1;
			productReference = 3CADE39D1ADA40BE00A1A90A /* HW1 */;
			productType = "com.apple.product-type.tool";
		};
/* End PBXNativeTarget section */

/* Begin PBXProject section */
		3CADE3951ADA40BE00A1A90A /* Project object */ = {
			isa = PBXProject;
			attributes = {
				LastUpgradeCheck = 0630;
				ORGANIZATIONNAME = Jin;
				TargetAttributes = {
					3CADE39C1ADA40BE00A1A90A = {
						CreatedOnToolsVersion = 6.3;
					};
				};
			};
			buildConfigurationList = 3CADE3981ADA40BE00A1A90A /* Build configuration list for PBXProject "HW1" */;
			compatibilityVersion = "Xcode 3.2";
			developmentRegion = English;
			hasScannedForEncodings = 0;
			knownRegions = (
				en,
			);
			mainGroup = 3CADE3941ADA40BE00A1A90A;
			productRefGroup = 3CADE39E1ADA40BE00A1A90A /* Products */;
			projectDirPath = "";
			projectRoot = "";
			targets = (
				3CADE39C1ADA40BE00A1A90A /* HW1 */,
			);
		};
/* End PBXProject section */

/* Begin PBXSourcesBuildPhase section */
		3CADE3991ADA40BE00A1A90A /* Sources */ = {
			isa = PBXSourcesBuildPhase;
			buildActionMask = 2147483647;
			files = (
				3CE5FF841ADDEAF400B89949 /* ScoreList.cpp in Sources */,
				3CADE3A11ADA40BE00A1A90A /* main.cpp in Sources */,
				3CE5FF851ADDEAF400B89949 /* Sequence.cpp in Sources */,
				3CE5FF831ADDEAF400B89949 /* newSequence.cpp in Sources */,
			);
			runOnlyForDeploymentPostprocessing = 0;
		};
/* End PBXSourcesBuildPhase section */

/* Begin XCBuildConfiguration section */
		3CADE3A21ADA40BE00A1A90A /* Debug */ = {
			isa = XCBuildConfiguration;
			buildSettings = {
				ALWAYS_SEARCH_USER_PATHS = NO;
				CLANG_CXX_LANGUAGE_STANDARD = "gnu++0x";
				CLANG_CXX_LIBRARY = "libc++";
				CLANG_ENABLE_MODULES = YES;
				CLANG_ENABLE_OBJC_ARC = YES;
				CLANG_WARN_BOOL_CONVERSION = YES;
				CLANG_WARN_CONSTANT_CONVERSION = YES;
				CLANG_WARN_DIRECT_OBJC_ISA_USAGE = YES_ERROR;
				CLANG_WARN_EMPTY_BODY = YES;
				CLANG_WARN_ENUM_CONVERSION = YES;
				CLANG_WARN_INT_CONVERSION = YES;
				CLANG_WARN_OBJC_ROOT_CLASS = YES_ERROR;
				CLANG_WARN_UNREACHABLE_CODE = YES;
				CLANG_WARN__DUPLICATE_METHOD_MATCH = YES;
				COPY_PHASE_STRIP = NO;
				DEBUG_INFORMATION_FORMAT = dwarf;
				ENABLE_STRICT_OBJC_MSGSEND = YES;
				GCC_C_LANGUAGE_STANDARD = gnu99;
				GCC_DYNAMIC_NO_PIC = NO;
				GCC_NO_COMMON_BLOCKS = YES;
				GCC_OPTIMIZATION_LEVEL = 0;
				GCC_PREPROCESSOR_DEFINITIONS = (
					"DEBUG=1",
					"$(inherited)",
				);
				GCC_SYMBOLS_PRIVATE_EXTERN = NO;
				GCC_WARN_64_TO_32_BIT_CONVERSION = YES;
				GCC_WARN_ABOUT_RETURN_TYPE = YES_ERROR;
				GCC_WARN_UNDECLARED_SELECTOR = YES;
				GCC_WARN_UNINITIALIZED_AUTOS = YES_AGGRESSIVE;
				GCC_WARN_UNUSED_FUNCTION = YES;
				GCC_WARN_UNUSED_VARIABLE = YES;
				MACOSX_DEPLOYMENT_TARGET = 10.10;
				MTL_ENABLE_DEBUG_INFO = YES;
				ONLY_ACTIVE_ARCH = YES;
				SDKROOT = macosx;
			};
			name = Debug;
		};
		3CADE3A31ADA40BE00A1A90A /* Release */ = {
			isa = XCBuildConfiguration;
			buildSettings = {
				ALWAYS_SEARCH_USER_PATHS = NO;
				CLANG_CXX_LANGUAGE_STANDARD = "gnu++0x";
				CLANG_CXX_LIBRARY = "libc++";
				CLANG_ENABLE_MODULES = YES;
				CLANG_ENABLE_OBJC_ARC = YES;
				CLANG_WARN_BOOL_CONVERSION = YES;
				CLANG_WARN_CONSTANT_CONVERSION = YES;
				CLANG_WARN_DIRECT_OBJC_ISA_USAGE = YES_ERROR;
				CLANG_WARN_EMPTY_BODY = YES;
				CLANG_WARN_ENUM_CONVERSION = YES;
				CLANG_WARN_INT_CONVERSION = YES;
				CLANG_WARN_OBJC_ROOT_CLASS = YES_ERROR;
				CLANG_WARN_UNREACHABLE_CODE = YES;
				CLANG_WARN__DUPLICATE_METHOD_MATCH = YES;
				COPY_PHASE_STRIP = NO;
				DEBUG_INFORMATION_FORMAT = "dwarf-with-dsym";
				ENABLE_NS_ASSERTIONS = NO;
				ENABLE_STRICT_OBJC_MSGSEND = YES;
				GCC_C_LANGUAGE_STANDARD = gnu99;
				GCC_NO_COMMON_BLOCKS = YES;
				GCC_WARN_64_TO_32_BIT_CONVERSION = YES;
				GCC_WARN_ABOUT_RETURN_TYPE = YES_ERROR;
				GCC_WARN_UNDECLARED_SELECTOR = YES;
				GCC_WARN_UNINITIALIZED_AUTOS = YES_AGGRESSIVE;
				GCC_WARN_UNUSED_FUNCTION = YES;
				GCC_WARN_UNUSED_VARIABLE = YES;
				MACOSX_DEPLOYMENT_TARGET = 10.10;
				MTL_ENABLE_DEBUG_INFO = NO;
				SDKROOT = macosx;
			};
			name = Release;
		};
		3CADE3A51ADA40BE00A1A90A /* Debug */ = {
			isa = XCBuildConfiguration;
			buildSettings = {
				PRODUCT_NAME = "$(TARGET_NAME)";
			};
			name = Debug;
		};
		3CADE3A61ADA40BE00A1A90A /* Release */ = {
			isa = XCBuildConfiguration;
			buildSettings = {
				PRODUCT_NAME = "$(TARGET_NAME)";
			};
			name = Release;
		};
/* End XCBuildConfiguration section */

/* Begin XCConfigurationList section */
		3CADE3981ADA40BE00A1A90A /* Build configuration list for PBXProject "HW1" */ = {
			isa = XCConfigurationList;
			buildConfigurations = (
				3CADE3A21ADA40BE00A1A90A /* Debug */,
				3CADE3A31ADA40BE00A1A90A /* Release */,
			);
			defaultConfigurationIsVisible = 0;
			defaultConfigurationName = Release;
		};
		3CADE3A41ADA40BE00A1A90A /* Build configuration list for PBXNativeTarget "HW1" */ = {
			isa = XCConfigurationList;
			buildConfigurations = (
				3CADE3A51ADA40BE00A1A90A /* Debug */,
				3CADE3A61ADA40BE00A1A90A /* Release */,
			);
			defaultConfigurationIsVisible = 0;
			defaultConfigurationName = Release;
		};
/* End XCConfigurationList section */
	};
	rootObject = 3CADE3951ADA40BE00A1A90A /* Project object */;
}
